// !$*UTF8*$!
{
	archiveVersion = 1;
	classes = {
	};
	objectVersion = 77;
	objects = {

/* Begin PBXContainerItemProxy section */
		962EB5DC2D14CD6100AFFC83 /* PBXContainerItemProxy */ = {
			isa = PBXContainerItemProxy;
			containerPortal = 962EB5C32D14CD5F00AFFC83 /* Project object */;
			proxyType = 1;
			remoteGlobalIDString = 962EB5CA2D14CD5F00AFFC83;
			remoteInfo = BillPal;
		};
		962EB5E62D14CD6100AFFC83 /* PBXContainerItemProxy */ = {
			isa = PBXContainerItemProxy;
			containerPortal = 962EB5C32D14CD5F00AFFC83 /* Project object */;
			proxyType = 1;
			remoteGlobalIDString = 962EB5CA2D14CD5F00AFFC83;
			remoteInfo = BillPal;
		};
/* End PBXContainerItemProxy section */

/* Begin PBXFileReference section */
		962EB5CB2D14CD5F00AFFC83 /* BillBuddy.app */ = {isa = PBXFileReference; explicitFileType = wrapper.application; includeInIndex = 0; path = BillBuddy.app; sourceTree = BUILT_PRODUCTS_DIR; };
		962EB5DB2D14CD6100AFFC83 /* BillBuddyTests.xctest */ = {isa = PBXFileReference; explicitFileType = wrapper.cfbundle; includeInIndex = 0; path = BillBuddyTests.xctest; sourceTree = BUILT_PRODUCTS_DIR; };
		962EB5E52D14CD6100AFFC83 /* BillBuddyUITests.xctest */ = {isa = PBXFileReference; explicitFileType = wrapper.cfbundle; includeInIndex = 0; path = BillBuddyUITests.xctest; sourceTree = BUILT_PRODUCTS_DIR; };
/* End PBXFileReference section */

/* Begin PBXFileSystemSynchronizedBuildFileExceptionSet section */
		96EA08122D19252400AEE702 /* Exceptions for "BillBuddy" folder in "BillBuddy" target */ = {
			isa = PBXFileSystemSynchronizedBuildFileExceptionSet;
			membershipExceptions = (
				Info.plist,
			);
			target = 962EB5CA2D14CD5F00AFFC83 /* BillBuddy */;
		};
/* End PBXFileSystemSynchronizedBuildFileExceptionSet section */

/* Begin PBXFileSystemSynchronizedRootGroup section */
		962EB5CD2D14CD5F00AFFC83 /* BillBuddy */ = {
			isa = PBXFileSystemSynchronizedRootGroup;
			exceptions = (
				96EA08122D19252400AEE702 /* Exceptions for "BillBuddy" folder in "BillBuddy" target */,
			);
			path = BillBuddy;
			sourceTree = "<group>";
		};
		962EB5DE2D14CD6100AFFC83 /* BillBuddyTests */ = {
			isa = PBXFileSystemSynchronizedRootGroup;
			path = BillBuddyTests;
			sourceTree = "<group>";
		};
		962EB5E82D14CD6100AFFC83 /* BillBuddyUITests */ = {
			isa = PBXFileSystemSynchronizedRootGroup;
			path = BillBuddyUITests;
			sourceTree = "<group>";
		};
/* End PBXFileSystemSynchronizedRootGroup section */

/* Begin PBXFrameworksBuildPhase section */
		962EB5C82D14CD5F00AFFC83 /* Frameworks */ = {
			isa = PBXFrameworksBuildPhase;
			buildActionMask = 2147483647;
			files = (
			);
			runOnlyForDeploymentPostprocessing = 0;
		};
		962EB5D82D14CD6100AFFC83 /* Frameworks */ = {
			isa = PBXFrameworksBuildPhase;
			buildActionMask = 2147483647;
			files = (
			);
			runOnlyForDeploymentPostprocessing = 0;
		};
		962EB5E22D14CD6100AFFC83 /* Frameworks */ = {
			isa = PBXFrameworksBuildPhase;
			buildActionMask = 2147483647;
			files = (
			);
			runOnlyForDeploymentPostprocessing = 0;
		};
/* End PBXFrameworksBuildPhase section */

/* Begin PBXGroup section */
		962EB5C22D14CD5F00AFFC83 = {
			isa = PBXGroup;
			children = (
				962EB5CD2D14CD5F00AFFC83 /* BillBuddy */,
				962EB5DE2D14CD6100AFFC83 /* BillBuddyTests */,
				962EB5E82D14CD6100AFFC83 /* BillBuddyUITests */,
				962EB5CC2D14CD5F00AFFC83 /* Products */,
			);
			sourceTree = "<group>";
		};
		962EB5CC2D14CD5F00AFFC83 /* Products */ = {
			isa = PBXGroup;
			children = (
				962EB5CB2D14CD5F00AFFC83 /* BillBuddy.app */,
				962EB5DB2D14CD6100AFFC83 /* BillBuddyTests.xctest */,
				962EB5E52D14CD6100AFFC83 /* BillBuddyUITests.xctest */,
			);
			name = Products;
			sourceTree = "<group>";
		};
/* End PBXGroup section */

/* Begin PBXNativeTarget section */
		962EB5CA2D14CD5F00AFFC83 /* BillBuddy */ = {
			isa = PBXNativeTarget;
			buildConfigurationList = 962EB5EF2D14CD6100AFFC83 /* Build configuration list for PBXNativeTarget "BillBuddy" */;
			buildPhases = (
				962EB5C72D14CD5F00AFFC83 /* Sources */,
				962EB5C82D14CD5F00AFFC83 /* Frameworks */,
				962EB5C92D14CD5F00AFFC83 /* Resources */,
			);
			buildRules = (
			);
			dependencies = (
			);
			fileSystemSynchronizedGroups = (
				962EB5CD2D14CD5F00AFFC83 /* BillBuddy */,
			);
			name = BillBuddy;
			packageProductDependencies = (
			);
			productName = BillPal;
			productReference = 962EB5CB2D14CD5F00AFFC83 /* BillBuddy.app */;
			productType = "com.apple.product-type.application";
		};
		962EB5DA2D14CD6100AFFC83 /* BillBuddyTests */ = {
			isa = PBXNativeTarget;
			buildConfigurationList = 962EB5F22D14CD6100AFFC83 /* Build configuration list for PBXNativeTarget "BillBuddyTests" */;
			buildPhases = (
				962EB5D72D14CD6100AFFC83 /* Sources */,
				962EB5D82D14CD6100AFFC83 /* Frameworks */,
				962EB5D92D14CD6100AFFC83 /* Resources */,
			);
			buildRules = (
			);
			dependencies = (
				962EB5DD2D14CD6100AFFC83 /* PBXTargetDependency */,
			);
			fileSystemSynchronizedGroups = (
				962EB5DE2D14CD6100AFFC83 /* BillBuddyTests */,
			);
			name = BillBuddyTests;
			packageProductDependencies = (
			);
			productName = BillPalTests;
			productReference = 962EB5DB2D14CD6100AFFC83 /* BillBuddyTests.xctest */;
			productType = "com.apple.product-type.bundle.unit-test";
		};
		962EB5E42D14CD6100AFFC83 /* BillBuddyUITests */ = {
			isa = PBXNativeTarget;
			buildConfigurationList = 962EB5F52D14CD6100AFFC83 /* Build configuration list for PBXNativeTarget "BillBuddyUITests" */;
			buildPhases = (
				962EB5E12D14CD6100AFFC83 /* Sources */,
				962EB5E22D14CD6100AFFC83 /* Frameworks */,
				962EB5E32D14CD6100AFFC83 /* Resources */,
			);
			buildRules = (
			);
			dependencies = (
				962EB5E72D14CD6100AFFC83 /* PBXTargetDependency */,
			);
			fileSystemSynchronizedGroups = (
				962EB5E82D14CD6100AFFC83 /* BillBuddyUITests */,
			);
			name = BillBuddyUITests;
			packageProductDependencies = (
			);
			productName = BillPalUITests;
			productReference = 962EB5E52D14CD6100AFFC83 /* BillBuddyUITests.xctest */;
			productType = "com.apple.product-type.bundle.ui-testing";
		};
/* End PBXNativeTarget section */

/* Begin PBXProject section */
		962EB5C32D14CD5F00AFFC83 /* Project object */ = {
			isa = PBXProject;
			attributes = {
				BuildIndependentTargetsInParallel = 1;
				LastSwiftUpdateCheck = 1620;
				LastUpgradeCheck = 1620;
				TargetAttributes = {
					962EB5CA2D14CD5F00AFFC83 = {
						CreatedOnToolsVersion = 16.2;
					};
					962EB5DA2D14CD6100AFFC83 = {
						CreatedOnToolsVersion = 16.2;
						TestTargetID = 962EB5CA2D14CD5F00AFFC83;
					};
					962EB5E42D14CD6100AFFC83 = {
						CreatedOnToolsVersion = 16.2;
						TestTargetID = 962EB5CA2D14CD5F00AFFC83;
					};
				};
			};
			buildConfigurationList = 962EB5C62D14CD5F00AFFC83 /* Build configuration list for PBXProject "BillBuddy" */;
			developmentRegion = en;
			hasScannedForEncodings = 0;
			knownRegions = (
				en,
				Base,
			);
			mainGroup = 962EB5C22D14CD5F00AFFC83;
			minimizedProjectReferenceProxies = 1;
			preferredProjectObjectVersion = 77;
			productRefGroup = 962EB5CC2D14CD5F00AFFC83 /* Products */;
			projectDirPath = "";
			projectRoot = "";
			targets = (
				962EB5CA2D14CD5F00AFFC83 /* BillBuddy */,
				962EB5DA2D14CD6100AFFC83 /* BillBuddyTests */,
				962EB5E42D14CD6100AFFC83 /* BillBuddyUITests */,
			);
		};
/* End PBXProject section */

/* Begin PBXResourcesBuildPhase section */
		962EB5C92D14CD5F00AFFC83 /* Resources */ = {
			isa = PBXResourcesBuildPhase;
			buildActionMask = 2147483647;
			files = (
			);
			runOnlyForDeploymentPostprocessing = 0;
		};
		962EB5D92D14CD6100AFFC83 /* Resources */ = {
			isa = PBXResourcesBuildPhase;
			buildActionMask = 2147483647;
			files = (
			);
			runOnlyForDeploymentPostprocessing = 0;
		};
		962EB5E32D14CD6100AFFC83 /* Resources */ = {
			isa = PBXResourcesBuildPhase;
			buildActionMask = 2147483647;
			files = (
			);
			runOnlyForDeploymentPostprocessing = 0;
		};
/* End PBXResourcesBuildPhase section */

/* Begin PBXSourcesBuildPhase section */
		962EB5C72D14CD5F00AFFC83 /* Sources */ = {
			isa = PBXSourcesBuildPhase;
			buildActionMask = 2147483647;
			files = (
			);
			runOnlyForDeploymentPostprocessing = 0;
		};
		962EB5D72D14CD6100AFFC83 /* Sources */ = {
			isa = PBXSourcesBuildPhase;
			buildActionMask = 2147483647;
			files = (
			);
			runOnlyForDeploymentPostprocessing = 0;
		};
		962EB5E12D14CD6100AFFC83 /* Sources */ = {
			isa = PBXSourcesBuildPhase;
			buildActionMask = 2147483647;
			files = (
			);
			runOnlyForDeploymentPostprocessing = 0;
		};
/* End PBXSourcesBuildPhase section */

/* Begin PBXTargetDependency section */
		962EB5DD2D14CD6100AFFC83 /* PBXTargetDependency */ = {
			isa = PBXTargetDependency;
			target = 962EB5CA2D14CD5F00AFFC83 /* BillBuddy */;
			targetProxy = 962EB5DC2D14CD6100AFFC83 /* PBXContainerItemProxy */;
		};
		962EB5E72D14CD6100AFFC83 /* PBXTargetDependency */ = {
			isa = PBXTargetDependency;
			target = 962EB5CA2D14CD5F00AFFC83 /* BillBuddy */;
			targetProxy = 962EB5E62D14CD6100AFFC83 /* PBXContainerItemProxy */;
		};
/* End PBXTargetDependency section */

/* Begin XCBuildConfiguration section */
		962EB5ED2D14CD6100AFFC83 /* Debug */ = {
			isa = XCBuildConfiguration;
			buildSettings = {
				ALWAYS_SEARCH_USER_PATHS = NO;
				ASSETCATALOG_COMPILER_GENERATE_SWIFT_ASSET_SYMBOL_EXTENSIONS = YES;
				CLANG_ANALYZER_NONNULL = YES;
				CLANG_ANALYZER_NUMBER_OBJECT_CONVERSION = YES_AGGRESSIVE;
				CLANG_CXX_LANGUAGE_STANDARD = "gnu++20";
				CLANG_ENABLE_MODULES = YES;
				CLANG_ENABLE_OBJC_ARC = YES;
				CLANG_ENABLE_OBJC_WEAK = YES;
				CLANG_WARN_BLOCK_CAPTURE_AUTORELEASING = YES;
				CLANG_WARN_BOOL_CONVERSION = YES;
				CLANG_WARN_COMMA = YES;
				CLANG_WARN_CONSTANT_CONVERSION = YES;
				CLANG_WARN_DEPRECATED_OBJC_IMPLEMENTATIONS = YES;
				CLANG_WARN_DIRECT_OBJC_ISA_USAGE = YES_ERROR;
				CLANG_WARN_DOCUMENTATION_COMMENTS = YES;
				CLANG_WARN_EMPTY_BODY = YES;
				CLANG_WARN_ENUM_CONVERSION = YES;
				CLANG_WARN_INFINITE_RECURSION = YES;
				CLANG_WARN_INT_CONVERSION = YES;
				CLANG_WARN_NON_LITERAL_NULL_CONVERSION = YES;
				CLANG_WARN_OBJC_IMPLICIT_RETAIN_SELF = YES;
				CLANG_WARN_OBJC_LITERAL_CONVERSION = YES;
				CLANG_WARN_OBJC_ROOT_CLASS = YES_ERROR;
				CLANG_WARN_QUOTED_INCLUDE_IN_FRAMEWORK_HEADER = YES;
				CLANG_WARN_RANGE_LOOP_ANALYSIS = YES;
				CLANG_WARN_STRICT_PROTOTYPES = YES;
				CLANG_WARN_SUSPICIOUS_MOVE = YES;
				CLANG_WARN_UNGUARDED_AVAILABILITY = YES_AGGRESSIVE;
				CLANG_WARN_UNREACHABLE_CODE = YES;
				CLANG_WARN__DUPLICATE_METHOD_MATCH = YES;
				COPY_PHASE_STRIP = NO;
				DEBUG_INFORMATION_FORMAT = dwarf;
				ENABLE_STRICT_OBJC_MSGSEND = YES;
				ENABLE_TESTABILITY = YES;
				ENABLE_USER_SCRIPT_SANDBOXING = YES;
				GCC_C_LANGUAGE_STANDARD = gnu17;
				GCC_DYNAMIC_NO_PIC = NO;
				GCC_NO_COMMON_BLOCKS = YES;
				GCC_OPTIMIZATION_LEVEL = 0;
				GCC_PREPROCESSOR_DEFINITIONS = (
					"DEBUG=1",
					"$(inherited)",
				);
				GCC_WARN_64_TO_32_BIT_CONVERSION = YES;
				GCC_WARN_ABOUT_RETURN_TYPE = YES_ERROR;
				GCC_WARN_UNDECLARED_SELECTOR = YES;
				GCC_WARN_UNINITIALIZED_AUTOS = YES_AGGRESSIVE;
				GCC_WARN_UNUSED_FUNCTION = YES;
				GCC_WARN_UNUSED_VARIABLE = YES;
				IPHONEOS_DEPLOYMENT_TARGET = 18.2;
				LOCALIZATION_PREFERS_STRING_CATALOGS = YES;
				MTL_ENABLE_DEBUG_INFO = INCLUDE_SOURCE;
				MTL_FAST_MATH = YES;
				ONLY_ACTIVE_ARCH = YES;
				SDKROOT = iphoneos;
				SWIFT_ACTIVE_COMPILATION_CONDITIONS = "DEBUG $(inherited)";
				SWIFT_OPTIMIZATION_LEVEL = "-Onone";
			};
			name = Debug;
		};
		962EB5EE2D14CD6100AFFC83 /* Release */ = {
			isa = XCBuildConfiguration;
			buildSettings = {
				ALWAYS_SEARCH_USER_PATHS = NO;
				ASSETCATALOG_COMPILER_GENERATE_SWIFT_ASSET_SYMBOL_EXTENSIONS = YES;
				CLANG_ANALYZER_NONNULL = YES;
				CLANG_ANALYZER_NUMBER_OBJECT_CONVERSION = YES_AGGRESSIVE;
				CLANG_CXX_LANGUAGE_STANDARD = "gnu++20";
				CLANG_ENABLE_MODULES = YES;
				CLANG_ENABLE_OBJC_ARC = YES;
				CLANG_ENABLE_OBJC_WEAK = YES;
				CLANG_WARN_BLOCK_CAPTURE_AUTORELEASING = YES;
				CLANG_WARN_BOOL_CONVERSION = YES;
				CLANG_WARN_COMMA = YES;
				CLANG_WARN_CONSTANT_CONVERSION = YES;
				CLANG_WARN_DEPRECATED_OBJC_IMPLEMENTATIONS = YES;
				CLANG_WARN_DIRECT_OBJC_ISA_USAGE = YES_ERROR;
				CLANG_WARN_DOCUMENTATION_COMMENTS = YES;
				CLANG_WARN_EMPTY_BODY = YES;
				CLANG_WARN_ENUM_CONVERSION = YES;
				CLANG_WARN_INFINITE_RECURSION = YES;
				CLANG_WARN_INT_CONVERSION = YES;
				CLANG_WARN_NON_LITERAL_NULL_CONVERSION = YES;
				CLANG_WARN_OBJC_IMPLICIT_RETAIN_SELF = YES;
				CLANG_WARN_OBJC_LITERAL_CONVERSION = YES;
				CLANG_WARN_OBJC_ROOT_CLASS = YES_ERROR;
				CLANG_WARN_QUOTED_INCLUDE_IN_FRAMEWORK_HEADER = YES;
				CLANG_WARN_RANGE_LOOP_ANALYSIS = YES;
				CLANG_WARN_STRICT_PROTOTYPES = YES;
				CLANG_WARN_SUSPICIOUS_MOVE = YES;
				CLANG_WARN_UNGUARDED_AVAILABILITY = YES_AGGRESSIVE;
				CLANG_WARN_UNREACHABLE_CODE = YES;
				CLANG_WARN__DUPLICATE_METHOD_MATCH = YES;
				COPY_PHASE_STRIP = NO;
				DEBUG_INFORMATION_FORMAT = "dwarf-with-dsym";
				ENABLE_NS_ASSERTIONS = NO;
				ENABLE_STRICT_OBJC_MSGSEND = YES;
				ENABLE_USER_SCRIPT_SANDBOXING = YES;
				GCC_C_LANGUAGE_STANDARD = gnu17;
				GCC_NO_COMMON_BLOCKS = YES;
				GCC_WARN_64_TO_32_BIT_CONVERSION = YES;
				GCC_WARN_ABOUT_RETURN_TYPE = YES_ERROR;
				GCC_WARN_UNDECLARED_SELECTOR = YES;
				GCC_WARN_UNINITIALIZED_AUTOS = YES_AGGRESSIVE;
				GCC_WARN_UNUSED_FUNCTION = YES;
				GCC_WARN_UNUSED_VARIABLE = YES;
				IPHONEOS_DEPLOYMENT_TARGET = 18.2;
				LOCALIZATION_PREFERS_STRING_CATALOGS = YES;
				MTL_ENABLE_DEBUG_INFO = NO;
				MTL_FAST_MATH = YES;
				SDKROOT = iphoneos;
				SWIFT_COMPILATION_MODE = wholemodule;
				VALIDATE_PRODUCT = YES;
			};
			name = Release;
		};
		962EB5F02D14CD6100AFFC83 /* Debug */ = {
			isa = XCBuildConfiguration;
			buildSettings = {
				ASSETCATALOG_COMPILER_APPICON_NAME = AppIcon;
				ASSETCATALOG_COMPILER_GLOBAL_ACCENT_COLOR_NAME = AccentColor;
				CODE_SIGN_STYLE = Automatic;
				CURRENT_PROJECT_VERSION = 1;
				DEVELOPMENT_ASSET_PATHS = "\"BillBuddy/Preview Content\"";
				DEVELOPMENT_TEAM = L979M8V7RW;
				ENABLE_PREVIEWS = YES;
				GENERATE_INFOPLIST_FILE = YES;
				INFOPLIST_FILE = BillBuddy/Info.plist;
				INFOPLIST_KEY_LSApplicationCategoryType = "";
				INFOPLIST_KEY_NSPhotoLibraryUsageDescription = "Save PDF Files to send to friends";
				INFOPLIST_KEY_UIApplicationSceneManifest_Generation = YES;
				INFOPLIST_KEY_UIApplicationSupportsIndirectInputEvents = YES;
				INFOPLIST_KEY_UILaunchScreen_Generation = YES;
				INFOPLIST_KEY_UISupportedInterfaceOrientations_iPad = "UIInterfaceOrientationPortrait UIInterfaceOrientationPortraitUpsideDown UIInterfaceOrientationLandscapeLeft UIInterfaceOrientationLandscapeRight";
				INFOPLIST_KEY_UISupportedInterfaceOrientations_iPhone = "UIInterfaceOrientationPortrait UIInterfaceOrientationLandscapeLeft UIInterfaceOrientationLandscapeRight";
				LD_RUNPATH_SEARCH_PATHS = (
					"$(inherited)",
					"@executable_path/Frameworks",
				);
				MARKETING_VERSION = 1.0;
				PRODUCT_BUNDLE_IDENTIFIER = brody.BillPal;
				PRODUCT_NAME = "$(TARGET_NAME)";
				SWIFT_EMIT_LOC_STRINGS = YES;
				SWIFT_VERSION = 5.0;
				TARGETED_DEVICE_FAMILY = "1,2";
			};
			name = Debug;
		};
		962EB5F12D14CD6100AFFC83 /* Release */ = {
			isa = XCBuildConfiguration;
			buildSettings = {
				ASSETCATALOG_COMPILER_APPICON_NAME = AppIcon;
				ASSETCATALOG_COMPILER_GLOBAL_ACCENT_COLOR_NAME = AccentColor;
				CODE_SIGN_STYLE = Automatic;
				CURRENT_PROJECT_VERSION = 1;
				DEVELOPMENT_ASSET_PATHS = "\"BillBuddy/Preview Content\"";
				DEVELOPMENT_TEAM = L979M8V7RW;
				ENABLE_PREVIEWS = YES;
				GENERATE_INFOPLIST_FILE = YES;
				INFOPLIST_FILE = BillBuddy/Info.plist;
				INFOPLIST_KEY_LSApplicationCategoryType = "";
				INFOPLIST_KEY_NSPhotoLibraryUsageDescription = "Save PDF Files to send to friends";
				INFOPLIST_KEY_UIApplicationSceneManifest_Generation = YES;
				INFOPLIST_KEY_UIApplicationSupportsIndirectInputEvents = YES;
				INFOPLIST_KEY_UILaunchScreen_Generation = YES;
				INFOPLIST_KEY_UISupportedInterfaceOrientations_iPad = "UIInterfaceOrientationPortrait UIInterfaceOrientationPortraitUpsideDown UIInterfaceOrientationLandscapeLeft UIInterfaceOrientationLandscapeRight";
				INFOPLIST_KEY_UISupportedInterfaceOrientations_iPhone = "UIInterfaceOrientationPortrait UIInterfaceOrientationLandscapeLeft UIInterfaceOrientationLandscapeRight";
				LD_RUNPATH_SEARCH_PATHS = (
					"$(inherited)",
					"@executable_path/Frameworks",
				);
				MARKETING_VERSION = 1.0;
				PRODUCT_BUNDLE_IDENTIFIER = brody.BillPal;
				PRODUCT_NAME = "$(TARGET_NAME)";
				SWIFT_EMIT_LOC_STRINGS = YES;
				SWIFT_VERSION = 5.0;
				TARGETED_DEVICE_FAMILY = "1,2";
			};
			name = Release;
		};
		962EB5F32D14CD6100AFFC83 /* Debug */ = {
			isa = XCBuildConfiguration;
			buildSettings = {
				BUNDLE_LOADER = "$(TEST_HOST)";
				CODE_SIGN_STYLE = Automatic;
				CURRENT_PROJECT_VERSION = 1;
				DEVELOPMENT_TEAM = L979M8V7RW;
				GENERATE_INFOPLIST_FILE = YES;
				IPHONEOS_DEPLOYMENT_TARGET = 18.2;
				MARKETING_VERSION = 1.0;
				PRODUCT_BUNDLE_IDENTIFIER = brody.BillPalTests;
				PRODUCT_NAME = "$(TARGET_NAME)";
				SWIFT_EMIT_LOC_STRINGS = NO;
				SWIFT_VERSION = 5.0;
				TARGETED_DEVICE_FAMILY = "1,2";
				TEST_HOST = "$(BUILT_PRODUCTS_DIR)/BillBuddy.app/$(BUNDLE_EXECUTABLE_FOLDER_PATH)/BillBuddy";
			};
			name = Debug;
		};
		962EB5F42D14CD6100AFFC83 /* Release */ = {
			isa = XCBuildConfiguration;
			buildSettings = {
				BUNDLE_LOADER = "$(TEST_HOST)";
				CODE_SIGN_STYLE = Automatic;
				CURRENT_PROJECT_VERSION = 1;
				DEVELOPMENT_TEAM = L979M8V7RW;
				GENERATE_INFOPLIST_FILE = YES;
				IPHONEOS_DEPLOYMENT_TARGET = 18.2;
				MARKETING_VERSION = 1.0;
				PRODUCT_BUNDLE_IDENTIFIER = brody.BillPalTests;
				PRODUCT_NAME = "$(TARGET_NAME)";
				SWIFT_EMIT_LOC_STRINGS = NO;
				SWIFT_VERSION = 5.0;
				TARGETED_DEVICE_FAMILY = "1,2";
				TEST_HOST = "$(BUILT_PRODUCTS_DIR)/BillBuddy.app/$(BUNDLE_EXECUTABLE_FOLDER_PATH)/BillBuddy";
			};
			name = Release;
		};
		962EB5F62D14CD6100AFFC83 /* Debug */ = {
			isa = XCBuildConfiguration;
			buildSettings = {
				CODE_SIGN_STYLE = Automatic;
				CURRENT_PROJECT_VERSION = 1;
				DEVELOPMENT_TEAM = L979M8V7RW;
				GENERATE_INFOPLIST_FILE = YES;
				MARKETING_VERSION = 1.0;
				PRODUCT_BUNDLE_IDENTIFIER = brody.BillPalUITests;
				PRODUCT_NAME = "$(TARGET_NAME)";
				SWIFT_EMIT_LOC_STRINGS = NO;
				SWIFT_VERSION = 5.0;
				TARGETED_DEVICE_FAMILY = "1,2";
				TEST_TARGET_NAME = BillPal;
			};
			name = Debug;
		};
		962EB5F72D14CD6100AFFC83 /* Release */ = {
			isa = XCBuildConfiguration;
			buildSettings = {
				CODE_SIGN_STYLE = Automatic;
				CURRENT_PROJECT_VERSION = 1;
				DEVELOPMENT_TEAM = L979M8V7RW;
				GENERATE_INFOPLIST_FILE = YES;
				MARKETING_VERSION = 1.0;
				PRODUCT_BUNDLE_IDENTIFIER = brody.BillPalUITests;
				PRODUCT_NAME = "$(TARGET_NAME)";
				SWIFT_EMIT_LOC_STRINGS = NO;
				SWIFT_VERSION = 5.0;
				TARGETED_DEVICE_FAMILY = "1,2";
				TEST_TARGET_NAME = BillPal;
			};
			name = Release;
		};
/* End XCBuildConfiguration section */

/* Begin XCConfigurationList section */
		962EB5C62D14CD5F00AFFC83 /* Build configuration list for PBXProject "BillBuddy" */ = {
			isa = XCConfigurationList;
			buildConfigurations = (
				962EB5ED2D14CD6100AFFC83 /* Debug */,
				962EB5EE2D14CD6100AFFC83 /* Release */,
			);
			defaultConfigurationIsVisible = 0;
			defaultConfigurationName = Release;
		};
		962EB5EF2D14CD6100AFFC83 /* Build configuration list for PBXNativeTarget "BillBuddy" */ = {
			isa = XCConfigurationList;
			buildConfigurations = (
				962EB5F02D14CD6100AFFC83 /* Debug */,
				962EB5F12D14CD6100AFFC83 /* Release */,
			);
			defaultConfigurationIsVisible = 0;
			defaultConfigurationName = Release;
		};
		962EB5F22D14CD6100AFFC83 /* Build configuration list for PBXNativeTarget "BillBuddyTests" */ = {
			isa = XCConfigurationList;
			buildConfigurations = (
				962EB5F32D14CD6100AFFC83 /* Debug */,
				962EB5F42D14CD6100AFFC83 /* Release */,
			);
			defaultConfigurationIsVisible = 0;
			defaultConfigurationName = Release;
		};
		962EB5F52D14CD6100AFFC83 /* Build configuration list for PBXNativeTarget "BillBuddyUITests" */ = {
			isa = XCConfigurationList;
			buildConfigurations = (
				962EB5F62D14CD6100AFFC83 /* Debug */,
				962EB5F72D14CD6100AFFC83 /* Release */,
			);
			defaultConfigurationIsVisible = 0;
			defaultConfigurationName = Release;
		};
/* End XCConfigurationList section */
	};
	rootObject = 962EB5C32D14CD5F00AFFC83 /* Project object */;
}
